
Microsoft Visual Studio Solution File, Format Version 9.00
# Visual Studio 2005
Project("{8BC9CEB8-8B4A-11D0-8D11-00A0C91BC942}") = "monotone", "monotone.vcproj", "{83E1EB91-ABA9-4DC5-9423-87B3D977F015}"
	ProjectSection(ProjectDependencies) = postProject
		{36249158-B5C6-46BD-9FAF-15454CBE722F} = {36249158-B5C6-46BD-9FAF-15454CBE722F}
		{CA00DD78-49F0-43BD-B5BB-D649C796FA95} = {CA00DD78-49F0-43BD-B5BB-D649C796FA95}
		{A075E27B-893B-4426-9B52-D6A795F699DE} = {A075E27B-893B-4426-9B52-D6A795F699DE}
		{EFC02287-836F-470D-9955-44A8F81FB764} = {EFC02287-836F-470D-9955-44A8F81FB764}
		{FF042D9E-E5DC-4C89-AB5B-6CD03990A595} = {FF042D9E-E5DC-4C89-AB5B-6CD03990A595}
		{4B57DCC2-608A-42E3-B54F-89DAA495D7BA} = {4B57DCC2-608A-42E3-B54F-89DAA495D7BA}
		{84286BE1-7522-4A9E-853C-27CD329B96D1} = {84286BE1-7522-4A9E-853C-27CD329B96D1}
	EndProjectSection
EndProject
Project("{2150E333-8FDC-42A3-9474-1A3956D46DE8}") = "Dependencies", "Dependencies", "{36B323F6-E1FE-4B73-846C-21F62E28CC90}"
EndProject
Project("{8BC9CEB8-8B4A-11D0-8D11-00A0C91BC942}") = "botan", "botan.vcproj", "{4B57DCC2-608A-42E3-B54F-89DAA495D7BA}"
EndProject
Project("{8BC9CEB8-8B4A-11D0-8D11-00A0C91BC942}") = "lua", "lua.vcproj", "{84286BE1-7522-4A9E-853C-27CD329B96D1}"
EndProject
Project("{8BC9CEB8-8B4A-11D0-8D11-00A0C91BC942}") = "netxx", "netxx.vcproj", "{A075E27B-893B-4426-9B52-D6A795F699DE}"
EndProject
Project("{8BC9CEB8-8B4A-11D0-8D11-00A0C91BC942}") = "pcre", "pcre.vcproj", "{36249158-B5C6-46BD-9FAF-15454CBE722F}"
EndProject
Project("{8BC9CEB8-8B4A-11D0-8D11-00A0C91BC942}") = "sqlite3", "sqlite3.vcproj", "{CA00DD78-49F0-43BD-B5BB-D649C796FA95}"
EndProject
Project("{8BC9CEB8-8B4A-11D0-8D11-00A0C91BC942}") = "stringprep", "stringprep.vcproj", "{FF042D9E-E5DC-4C89-AB5B-6CD03990A595}"
EndProject
Project("{8BC9CEB8-8B4A-11D0-8D11-00A0C91BC942}") = "txt2c", "txt2c.vcproj", "{EFC02287-836F-470D-9955-44A8F81FB764}"
EndProject
Project("{8BC9CEB8-8B4A-11D0-8D11-00A0C91BC942}") = "tester", "tester.vcproj", "{56C03BD7-0CFA-404B-B666-58020593A071}"
	ProjectSection(ProjectDependencies) = postProject
		{EFC02287-836F-470D-9955-44A8F81FB764} = {EFC02287-836F-470D-9955-44A8F81FB764}
		{FF042D9E-E5DC-4C89-AB5B-6CD03990A595} = {FF042D9E-E5DC-4C89-AB5B-6CD03990A595}
		{84286BE1-7522-4A9E-853C-27CD329B96D1} = {84286BE1-7522-4A9E-853C-27CD329B96D1}
		{4B57DCC2-608A-42E3-B54F-89DAA495D7BA} = {4B57DCC2-608A-42E3-B54F-89DAA495D7BA}
		{36249158-B5C6-46BD-9FAF-15454CBE722F} = {36249158-B5C6-46BD-9FAF-15454CBE722F}
	EndProjectSection
EndProject
Project("{8BC9CEB8-8B4A-11D0-8D11-00A0C91BC942}") = "unit_tests", "unit_tests.vcproj", "{8F951705-66C4-4B67-A585-C8CF75EA2644}"
	ProjectSection(ProjectDependencies) = postProject
		{83E1EB91-ABA9-4DC5-9423-87B3D977F015} = {83E1EB91-ABA9-4DC5-9423-87B3D977F015}
	EndProjectSection
EndProject
Global
	GlobalSection(SolutionConfigurationPlatforms) = preSolution
		Debug|Win32 = Debug|Win32
		Release|Win32 = Release|Win32
	EndGlobalSection
	GlobalSection(ProjectConfigurationPlatforms) = postSolution
		{83E1EB91-ABA9-4DC5-9423-87B3D977F015}.Debug|Win32.ActiveCfg = Debug|Win32
		{83E1EB91-ABA9-4DC5-9423-87B3D977F015}.Debug|Win32.Build.0 = Debug|Win32
		{83E1EB91-ABA9-4DC5-9423-87B3D977F015}.Release|Win32.ActiveCfg = Release|Win32
		{83E1EB91-ABA9-4DC5-9423-87B3D977F015}.Release|Win32.Build.0 = Release|Win32
		{4B57DCC2-608A-42E3-B54F-89DAA495D7BA}.Debug|Win32.ActiveCfg = Debug|Win32
		{4B57DCC2-608A-42E3-B54F-89DAA495D7BA}.Debug|Win32.Build.0 = Debug|Win32
		{4B57DCC2-608A-42E3-B54F-89DAA495D7BA}.Release|Win32.ActiveCfg = Release|Win32
		{4B57DCC2-608A-42E3-B54F-89DAA495D7BA}.Release|Win32.Build.0 = Release|Win32
		{84286BE1-7522-4A9E-853C-27CD329B96D1}.Debug|Win32.ActiveCfg = Debug|Win32
		{84286BE1-7522-4A9E-853C-27CD329B96D1}.Debug|Win32.Build.0 = Debug|Win32
		{84286BE1-7522-4A9E-853C-27CD329B96D1}.Release|Win32.ActiveCfg = Release|Win32
		{84286BE1-7522-4A9E-853C-27CD329B96D1}.Release|Win32.Build.0 = Release|Win32
		{A075E27B-893B-4426-9B52-D6A795F699DE}.Debug|Win32.ActiveCfg = Debug|Win32
		{A075E27B-893B-4426-9B52-D6A795F699DE}.Debug|Win32.Build.0 = Debug|Win32
		{A075E27B-893B-4426-9B52-D6A795F699DE}.Release|Win32.ActiveCfg = Release|Win32
		{A075E27B-893B-4426-9B52-D6A795F699DE}.Release|Win32.Build.0 = Release|Win32
		{36249158-B5C6-46BD-9FAF-15454CBE722F}.Debug|Win32.ActiveCfg = Debug|Win32
		{36249158-B5C6-46BD-9FAF-15454CBE722F}.Debug|Win32.Build.0 = Debug|Win32
		{36249158-B5C6-46BD-9FAF-15454CBE722F}.Release|Win32.ActiveCfg = Release|Win32
		{36249158-B5C6-46BD-9FAF-15454CBE722F}.Release|Win32.Build.0 = Release|Win32
		{CA00DD78-49F0-43BD-B5BB-D649C796FA95}.Debug|Win32.ActiveCfg = Debug|Win32
		{CA00DD78-49F0-43BD-B5BB-D649C796FA95}.Debug|Win32.Build.0 = Debug|Win32
		{CA00DD78-49F0-43BD-B5BB-D649C796FA95}.Release|Win32.ActiveCfg = Release|Win32
		{CA00DD78-49F0-43BD-B5BB-D649C796FA95}.Release|Win32.Build.0 = Release|Win32
		{FF042D9E-E5DC-4C89-AB5B-6CD03990A595}.Debug|Win32.ActiveCfg = Debug|Win32
		{FF042D9E-E5DC-4C89-AB5B-6CD03990A595}.Debug|Win32.Build.0 = Debug|Win32
		{FF042D9E-E5DC-4C89-AB5B-6CD03990A595}.Release|Win32.ActiveCfg = Release|Win32
		{FF042D9E-E5DC-4C89-AB5B-6CD03990A595}.Release|Win32.Build.0 = Release|Win32
		{EFC02287-836F-470D-9955-44A8F81FB764}.Debug|Win32.ActiveCfg = Debug|Win32
		{EFC02287-836F-470D-9955-44A8F81FB764}.Debug|Win32.Build.0 = Debug|Win32
		{EFC02287-836F-470D-9955-44A8F81FB764}.Release|Win32.ActiveCfg = Release|Win32
		{EFC02287-836F-470D-9955-44A8F81FB764}.Release|Win32.Build.0 = Release|Win32
		{56C03BD7-0CFA-404B-B666-58020593A071}.Debug|Win32.ActiveCfg = Debug|Win32
		{56C03BD7-0CFA-404B-B666-58020593A071}.Debug|Win32.Build.0 = Debug|Win32
		{56C03BD7-0CFA-404B-B666-58020593A071}.Release|Win32.ActiveCfg = Release|Win32
		{56C03BD7-0CFA-404B-B666-58020593A071}.Release|Win32.Build.0 = Release|Win32
		{8F951705-66C4-4B67-A585-C8CF75EA2644}.Debug|Win32.ActiveCfg = Debug|Win32
		{8F951705-66C4-4B67-A585-C8CF75EA2644}.Debug|Win32.Build.0 = Debug|Win32
		{8F951705-66C4-4B67-A585-C8CF75EA2644}.Release|Win32.ActiveCfg = Release|Win32
		{8F951705-66C4-4B67-A585-C8CF75EA2644}.Release|Win32.Build.0 = Release|Win32
	EndGlobalSection
	GlobalSection(SolutionProperties) = preSolution
		HideSolutionNode = FALSE
	EndGlobalSection
	GlobalSection(NestedProjects) = preSolution
		{4B57DCC2-608A-42E3-B54F-89DAA495D7BA} = {36B323F6-E1FE-4B73-846C-21F62E28CC90}
		{84286BE1-7522-4A9E-853C-27CD329B96D1} = {36B323F6-E1FE-4B73-846C-21F62E28CC90}
		{A075E27B-893B-4426-9B52-D6A795F699DE} = {36B323F6-E1FE-4B73-846C-21F62E28CC90}
		{36249158-B5C6-46BD-9FAF-15454CBE722F} = {36B323F6-E1FE-4B73-846C-21F62E28CC90}
		{CA00DD78-49F0-43BD-B5BB-D649C796FA95} = {36B323F6-E1FE-4B73-846C-21F62E28CC90}
		{FF042D9E-E5DC-4C89-AB5B-6CD03990A595} = {36B323F6-E1FE-4B73-846C-21F62E28CC90}
		{EFC02287-836F-470D-9955-44A8F81FB764} = {36B323F6-E1FE-4B73-846C-21F62E28CC90}
	EndGlobalSection
EndGlobal
